
Microsoft Visual Studio Solution File, Format Version 12.00
# Visual Studio Version 16
VisualStudioVersion = 16.0.30907.101
MinimumVisualStudioVersion = 10.0.40219.1
Project("{FAE04EC0-301F-11D3-BF4B-00C04F79EFBC}") = "WebApi", "WebApi.csproj", "{AFB9D289-B7C8-47F6-B3A3-6D4084A8865F}"
EndProject
Project("{FAE04EC0-301F-11D3-BF4B-00C04F79EFBC}") = "BLL", "..\BLL\BLL.csproj", "{9E327DE1-135C-4A1F-A0A0-C08F546EEB84}"
EndProject
Project("{FAE04EC0-301F-11D3-BF4B-00C04F79EFBC}") = "DTO", "..\DTO\DTO.csproj", "{D0E8D21F-BEEB-485F-BB46-EE01B719CBB2}"
EndProject
Global
	GlobalSection(SolutionConfigurationPlatforms) = preSolution
		Debug|Any CPU = Debug|Any CPU
		Release|Any CPU = Release|Any CPU
	EndGlobalSection
	GlobalSection(ProjectConfigurationPlatforms) = postSolution
		{AFB9D289-B7C8-47F6-B3A3-6D4084A8865F}.Debug|Any CPU.ActiveCfg = Debug|Any CPU
		{AFB9D289-B7C8-47F6-B3A3-6D4084A8865F}.Debug|Any CPU.Build.0 = Debug|Any CPU
		{AFB9D289-B7C8-47F6-B3A3-6D4084A8865F}.Release|Any CPU.ActiveCfg = Release|Any CPU
		{AFB9D289-B7C8-47F6-B3A3-6D4084A8865F}.Release|Any CPU.Build.0 = Release|Any CPU
		{9E327DE1-135C-4A1F-A0A0-C08F546EEB84}.Debug|Any CPU.ActiveCfg = Debug|Any CPU
		{9E327DE1-135C-4A1F-A0A0-C08F546EEB84}.Debug|Any CPU.Build.0 = Debug|Any CPU
		{9E327DE1-135C-4A1F-A0A0-C08F546EEB84}.Release|Any CPU.ActiveCfg = Release|Any CPU
		{9E327DE1-135C-4A1F-A0A0-C08F546EEB84}.Release|Any CPU.Build.0 = Release|Any CPU
		{D0E8D21F-BEEB-485F-BB46-EE01B719CBB2}.Debug|Any CPU.ActiveCfg = Debug|Any CPU
		{D0E8D21F-BEEB-485F-BB46-EE01B719CBB2}.Debug|Any CPU.Build.0 = Debug|Any CPU
		{D0E8D21F-BEEB-485F-BB46-EE01B719CBB2}.Release|Any CPU.ActiveCfg = Release|Any CPU
		{D0E8D21F-BEEB-485F-BB46-EE01B719CBB2}.Release|Any CPU.Build.0 = Release|Any CPU
	EndGlobalSection
	GlobalSection(SolutionProperties) = preSolution
		HideSolutionNode = FALSE
	EndGlobalSection
	GlobalSection(ExtensibilityGlobals) = postSolution
		SolutionGuid = {7C0D1F30-873A-4F63-8065-C0C1B3882500}
	EndGlobalSection
EndGlobal
